
Microsoft Visual Studio Solution File, Format Version 12.00
# Visual Studio Version 17
VisualStudioVersion = 17.9.34622.214
MinimumVisualStudioVersion = 10.0.40219.1
Project("{9A19103F-16F7-4668-BE54-9A1E7A4F7556}") = "OnDotnetLive.Tests.Unit", "OnDotnetLive.Tests.Unit\OnDotnetLive.Tests.Unit.csproj", "{6E032484-3FBF-441C-821F-B3FC1A776D18}"
EndProject
Project("{9A19103F-16F7-4668-BE54-9A1E7A4F7556}") = "OnDotnetLive", "OnDotnetLive\OnDotnetLive.csproj", "{AF9091AB-1A8C-4CED-8CF6-0F6E30B49236}"
EndProject
Global
	GlobalSection(SolutionConfigurationPlatforms) = preSolution
		Debug|Any CPU = Debug|Any CPU
		Release|Any CPU = Release|Any CPU
	EndGlobalSection
	GlobalSection(ProjectConfigurationPlatforms) = postSolution
		{6E032484-3FBF-441C-821F-B3FC1A776D18}.Debug|Any CPU.ActiveCfg = Debug|Any CPU
		{6E032484-3FBF-441C-821F-B3FC1A776D18}.Debug|Any CPU.Build.0 = Debug|Any CPU
		{6E032484-3FBF-441C-821F-B3FC1A776D18}.Release|Any CPU.ActiveCfg = Release|Any CPU
		{6E032484-3FBF-441C-821F-B3FC1A776D18}.Release|Any CPU.Build.0 = Release|Any CPU
		{AF9091AB-1A8C-4CED-8CF6-0F6E30B49236}.Debug|Any CPU.ActiveCfg = Debug|Any CPU
		{AF9091AB-1A8C-4CED-8CF6-0F6E30B49236}.Debug|Any CPU.Build.0 = Debug|Any CPU
		{AF9091AB-1A8C-4CED-8CF6-0F6E30B49236}.Release|Any CPU.ActiveCfg = Release|Any CPU
		{AF9091AB-1A8C-4CED-8CF6-0F6E30B49236}.Release|Any CPU.Build.0 = Release|Any CPU
	EndGlobalSection
	GlobalSection(SolutionProperties) = preSolution
		HideSolutionNode = FALSE
	EndGlobalSection
	GlobalSection(ExtensibilityGlobals) = postSolution
		SolutionGuid = {2F6A79DF-E161-4FA1-8685-B9B593424895}
	EndGlobalSection
EndGlobal
